# This file is autogenerated, do not edit; changes may be undone by the next 'dep ensure'.


[[projects]]
  digest = "1:6342a41a66687c0d0eb1f4d946447bfb808c5136adeb92903ed07972071e19ac"
  name = "github.com/rs/zerolog"
  packages = [
    ".",
    "internal/cbor",
    "internal/json",
    "log",
  ]
  pruneopts = "UT"
  revision = "338f9bc14084d22cb8eeacd6492861f8449d715c"
  version = "v1.9.1"

[solve-meta]
  analyzer-name = "dep"
  analyzer-version = 1
  input-imports = [
    "github.com/rs/zerolog",
    "github.com/rs/zerolog/log",
  ]
  solver-name = "gps-cdcl"
  solver-version = 1
