# This file is autogenerated, do not edit; changes may be undone by the next 'dep ensure'.


[[projects]]
  name = "github.com/rs/zerolog"
  packages = [
    ".",
    "internal/cbor",
    "internal/json",
    "log"
  ]
  revision = "338f9bc14084d22cb8eeacd6492861f8449d715c"
  version = "v1.9.1"

[solve-meta]
  analyzer-name = "dep"
  analyzer-version = 1
  inputs-digest = "387058207cd8ac87a2fcfa76447d8bf15f9d64fbcf0b3c7b5f4cb1ced4a753cc"
  solver-name = "gps-cdcl"
  solver-version = 1
